
Microsoft Visual Studio Solution File, Format Version 12.00
# Visual Studio Version 17
VisualStudioVersion = 17.4.33213.308
MinimumVisualStudioVersion = 10.0.40219.1
Project("{FAE04EC0-301F-11D3-BF4B-00C04F79EFBC}") = "UI", "UI\UI.csproj", "{486818F7-BECC-4D0C-8C90-B5C7D88614B7}"
EndProject
Global
	GlobalSection(SolutionConfigurationPlatforms) = preSolution
		Debug|Any CPU = Debug|Any CPU
		Release|Any CPU = Release|Any CPU
	EndGlobalSection
	GlobalSection(ProjectConfigurationPlatforms) = postSolution
		{486818F7-BECC-4D0C-8C90-B5C7D88614B7}.Debug|Any CPU.ActiveCfg = Debug|Any CPU
		{486818F7-BECC-4D0C-8C90-B5C7D88614B7}.Debug|Any CPU.Build.0 = Debug|Any CPU
		{486818F7-BECC-4D0C-8C90-B5C7D88614B7}.Release|Any CPU.ActiveCfg = Release|Any CPU
		{486818F7-BECC-4D0C-8C90-B5C7D88614B7}.Release|Any CPU.Build.0 = Release|Any CPU
	EndGlobalSection
	GlobalSection(SolutionProperties) = preSolution
		HideSolutionNode = FALSE
	EndGlobalSection
	GlobalSection(ExtensibilityGlobals) = postSolution
		SolutionGuid = {5BF84FDD-2B71-45B7-9533-0ACD7E451CD1}
	EndGlobalSection
EndGlobal
